
Microsoft Visual Studio Solution File, Format Version 12.00
# Visual Studio Version 16
VisualStudioVersion = 16.0.29102.190
MinimumVisualStudioVersion = 10.0.40219.1
Project("{FAE04EC0-301F-11D3-BF4B-00C04F79EFBC}") = "MonteCarlo", "MonteCarlo.csproj", "{4E50C389-A51D-41C5-8EB1-3B2699423B65}"
EndProject
Global
	GlobalSection(SolutionConfigurationPlatforms) = preSolution
		Debug|Any CPU = Debug|Any CPU
		Release|Any CPU = Release|Any CPU
	EndGlobalSection
	GlobalSection(ProjectConfigurationPlatforms) = postSolution
		{4E50C389-A51D-41C5-8EB1-3B2699423B65}.Debug|Any CPU.ActiveCfg = Debug|Any CPU
		{4E50C389-A51D-41C5-8EB1-3B2699423B65}.Debug|Any CPU.Build.0 = Debug|Any CPU
		{4E50C389-A51D-41C5-8EB1-3B2699423B65}.Release|Any CPU.ActiveCfg = Release|Any CPU
		{4E50C389-A51D-41C5-8EB1-3B2699423B65}.Release|Any CPU.Build.0 = Release|Any CPU
	EndGlobalSection
	GlobalSection(SolutionProperties) = preSolution
		HideSolutionNode = FALSE
	EndGlobalSection
	GlobalSection(ExtensibilityGlobals) = postSolution
		SolutionGuid = {A0D0F13E-0638-4355-A3E6-1129D2ED71D2}
	EndGlobalSection
EndGlobal
